
Microsoft Visual Studio Solution File, Format Version 12.00
# Visual Studio Version 16
VisualStudioVersion = 16.0.30011.22
MinimumVisualStudioVersion = 10.0.40219.1
Project("{FAE04EC0-301F-11D3-BF4B-00C04F79EFBC}") = "KEAOpgave6.4", "KEAOpgave6.4\KEAOpgave6.4.csproj", "{0712B5B9-A05D-493A-88F2-5A1FE7CCC042}"
EndProject
Global
	GlobalSection(SolutionConfigurationPlatforms) = preSolution
		Debug|Any CPU = Debug|Any CPU
		Release|Any CPU = Release|Any CPU
	EndGlobalSection
	GlobalSection(ProjectConfigurationPlatforms) = postSolution
		{0712B5B9-A05D-493A-88F2-5A1FE7CCC042}.Debug|Any CPU.ActiveCfg = Debug|Any CPU
		{0712B5B9-A05D-493A-88F2-5A1FE7CCC042}.Debug|Any CPU.Build.0 = Debug|Any CPU
		{0712B5B9-A05D-493A-88F2-5A1FE7CCC042}.Release|Any CPU.ActiveCfg = Release|Any CPU
		{0712B5B9-A05D-493A-88F2-5A1FE7CCC042}.Release|Any CPU.Build.0 = Release|Any CPU
	EndGlobalSection
	GlobalSection(SolutionProperties) = preSolution
		HideSolutionNode = FALSE
	EndGlobalSection
	GlobalSection(ExtensibilityGlobals) = postSolution
		SolutionGuid = {DD30C09E-2964-4AEF-860A-3577549C15BF}
	EndGlobalSection
EndGlobal
